
Microsoft Visual Studio Solution File, Format Version 12.00
# Visual Studio Version 17
VisualStudioVersion = 17.1.32421.90
MinimumVisualStudioVersion = 10.0.40219.1
Project("{FAE04EC0-301F-11D3-BF4B-00C04F79EFBC}") = "LinkedListTask", "LinkedListTask\LinkedListTask.csproj", "{AD218730-F6F1-4145-8409-0446673F0628}"
EndProject
Global
	GlobalSection(SolutionConfigurationPlatforms) = preSolution
		Debug|Any CPU = Debug|Any CPU
		Release|Any CPU = Release|Any CPU
	EndGlobalSection
	GlobalSection(ProjectConfigurationPlatforms) = postSolution
		{AD218730-F6F1-4145-8409-0446673F0628}.Debug|Any CPU.ActiveCfg = Debug|Any CPU
		{AD218730-F6F1-4145-8409-0446673F0628}.Debug|Any CPU.Build.0 = Debug|Any CPU
		{AD218730-F6F1-4145-8409-0446673F0628}.Release|Any CPU.ActiveCfg = Release|Any CPU
		{AD218730-F6F1-4145-8409-0446673F0628}.Release|Any CPU.Build.0 = Release|Any CPU
	EndGlobalSection
	GlobalSection(SolutionProperties) = preSolution
		HideSolutionNode = FALSE
	EndGlobalSection
	GlobalSection(ExtensibilityGlobals) = postSolution
		SolutionGuid = {C204549C-4270-442A-AB76-B5014A87FACC}
	EndGlobalSection
EndGlobal
